
Microsoft Visual Studio Solution File, Format Version 12.00
# Visual Studio Version 16
VisualStudioVersion = 16.0.31702.278
MinimumVisualStudioVersion = 10.0.40219.1
Project("{FAE04EC0-301F-11D3-BF4B-00C04F79EFBC}") = "Week7Test_Laura_Gagliani", "Week7Test_Laura_Gagliani\Week7Test_Laura_Gagliani.csproj", "{C8356885-80D2-4E48-BA99-F19CC03DDF32}"
EndProject
Global
	GlobalSection(SolutionConfigurationPlatforms) = preSolution
		Debug|Any CPU = Debug|Any CPU
		Release|Any CPU = Release|Any CPU
	EndGlobalSection
	GlobalSection(ProjectConfigurationPlatforms) = postSolution
		{C8356885-80D2-4E48-BA99-F19CC03DDF32}.Debug|Any CPU.ActiveCfg = Debug|Any CPU
		{C8356885-80D2-4E48-BA99-F19CC03DDF32}.Debug|Any CPU.Build.0 = Debug|Any CPU
		{C8356885-80D2-4E48-BA99-F19CC03DDF32}.Release|Any CPU.ActiveCfg = Release|Any CPU
		{C8356885-80D2-4E48-BA99-F19CC03DDF32}.Release|Any CPU.Build.0 = Release|Any CPU
	EndGlobalSection
	GlobalSection(SolutionProperties) = preSolution
		HideSolutionNode = FALSE
	EndGlobalSection
	GlobalSection(ExtensibilityGlobals) = postSolution
		SolutionGuid = {D4EFFECA-4F60-4989-9EC8-464BA674687F}
	EndGlobalSection
EndGlobal
